dependencies:
  chalk: 4.1.0
devDependencies:
  '@pnpm/tsconfig': 1.0.0
  '@pnpm/tslint-config': 1.0.0_tslint@6.1.3+typescript@4.0.3
  '@types/node': 14.14.2
  '@types/tape': 4.13.0
  rimraf: 3.0.2
  tape: 5.0.1
  ts-node: 9.0.0_typescript@4.0.3
  tslint: 6.1.3_typescript@4.0.3
  typescript: 4.0.3
lockfileVersion: 5.2
packages:
  /@babel/code-frame/7.10.4:
    dependencies:
      '@babel/highlight': 7.10.4
    dev: true
    resolution:
      integrity: sha512-vG6SvB6oYEhvgisZNFRmRCUkLz11c7rp+tbNTynGqc6mS1d5ATd/sGyV6W0KZZnXRKMTzZDRgQT3Ou9jhpAfUg==
  /@babel/helper-validator-identifier/7.10.4:
    dev: true
    resolution:
      integrity: sha512-3U9y+43hz7ZM+rzG24Qe2mufW5KhvFg/NhnNph+i9mgCtdTCtMJuI1TMkrIUiK7Ix4PYlRF9I5dhqaLYA/ADXw==
  /@babel/highlight/7.10.4:
    dependencies:
      '@babel/helper-validator-identifier': 7.10.4
      chalk: 2.4.2
      js-tokens: 4.0.0
    dev: true
    resolution:
      integrity: sha512-i6rgnR/YgPEQzZZnbTHHuZdlE8qyoBNalD6F+q4vAFlcMEcqmkoG+mPqJYJCo63qPf74+Y1UZsl3l6f7/RIkmA==
  /@pnpm/tsconfig/1.0.0:
    dev: true
    resolution:
      integrity: sha512-iEXxf6GRNKdcsghW/tB5Eg6wiotT6/POC0Pe6sgVJD4I2Uybkt1mYjbpCabXnhOBt0z8hpBTUAKWWNeTXbumdQ==
  /@pnpm/tslint-config/1.0.0_tslint@6.1.3+typescript@4.0.3:
    dependencies:
      tslint-config-standard: 8.0.1_tslint@6.1.3+typescript@4.0.3
      tslint-eslint-rules: 5.4.0_tslint@6.1.3+typescript@4.0.3
    dev: true
    engines:
      node: '>=8.15'
    peerDependencies:
      tslint: '*'
      typescript: '*'
    resolution:
      integrity: sha512-GSLG2PktVLuDxy6gfuBwMhfFcf3a8dplhaJ6GwqH0C3cDcHv7acl13VDZItL9CD/uT79fH77upmyAqRxbg0uaA==
  /@types/node/14.14.2:
    dev: true
    resolution:
      integrity: sha512-jeYJU2kl7hL9U5xuI/BhKPZ4vqGM/OmK6whiFAXVhlstzZhVamWhDSmHyGLIp+RVyuF9/d0dqr2P85aFj4BvJg==
  /@types/tape/4.13.0:
    dependencies:
      '@types/node': 14.14.2
    dev: true
    resolution:
      integrity: sha512-0V8cKowBdsiA9nbxAg7531sF2cdPZNiUogcfIUeUGm+bejUBE/bvibz3rH36iQP9bQjO/sOzFwU97/uC5mCyoA==
  /ansi-styles/3.2.1:
    dependencies:
      color-convert: 1.9.3
    dev: true
    engines:
      node: '>=4'
    resolution:
      integrity: sha512-VT0ZI6kZRdTh8YyJw3SMbYm/u+NqfsAxEpWO0Pf9sq8/e94WxxOpPKx9FR1FlyCtOVDNOQ+8ntlqFxiRc+r5qA==
  /ansi-styles/4.3.0:
    dependencies:
      color-convert: 2.0.1
    dev: false
    engines:
      node: '>=8'
    resolution:
      integrity: sha512-zbB9rCJAT1rbjiVDb2hqKFHNYLxgtk8NURxZ3IZwD3F6NtxbXZQCnnSi1Lkx+IDohdPlFp222wVALIheZJQSEg==
  /arg/4.1.3:
    dev: true
    resolution:
      integrity: sha512-58S9QDqG0Xx27YwPSt9fJxivjYl432YCwfDMfZ+71RAqUrZef7LrKQZ3LHLOwCS4FLNBplP533Zx895SeOCHvA==
  /argparse/1.0.10:
    dependencies:
      sprintf-js: 1.0.3
    dev: true
    resolution:
      integrity: sha512-o5Roy6tNG4SL/FOkCAN6RzjiakZS25RLYFrcMttJqbdd8BWrnA+fGz57iN5Pb06pvBGvl5gQ0B48dJlslXvoTg==
  /array-filter/1.0.0:
    dev: true
    resolution:
      integrity: sha1-uveeYubvTCpMC4MSMtr/7CUfnYM=
  /available-typed-arrays/1.0.2:
    dependencies:
      array-filter: 1.0.0
    dev: true
    engines:
      node: '>= 0.4'
    resolution:
      integrity: sha512-XWX3OX8Onv97LMk/ftVyBibpGwY5a8SmuxZPzeOxqmuEqUCOM9ZE+uIaD1VNJ5QnvU2UQusvmKbuM1FR8QWGfQ==
  /balanced-match/1.0.0:
    dev: true
    resolution:
      integrity: sha1-ibTRmasr7kneFk6gK4nORi1xt2c=
  /brace-expansion/1.1.11:
    dependencies:
      balanced-match: 1.0.0
      concat-map: 0.0.1
    dev: true
    resolution:
      integrity: sha512-iCuPHDFgrHX7H2vEI/5xpz07zSHB00TpugqhmYtVmMO6518mCuRMoOYFldEBl0g187ufozdaHgWKcYFb61qGiA==
  /buffer-from/1.1.1:
    dev: true
    resolution:
      integrity: sha512-MQcXEUbCKtEo7bhqEs6560Hyd4XaovZlO/k9V3hjVUF/zwW7KBVdSK4gIt/bzwS9MbR5qob+F5jusZsb0YQK2A==
  /builtin-modules/1.1.1:
    dev: true
    engines:
      node: '>=0.10.0'
    resolution:
      integrity: sha1-Jw8HbFpywC9bZaR9+Uxf46J4iS8=
  /chalk/2.4.2:
    dependencies:
      ansi-styles: 3.2.1
      escape-string-regexp: 1.0.5
      supports-color: 5.5.0
    dev: true
    engines:
      node: '>=4'
    resolution:
      integrity: sha512-Mti+f9lpJNcwF4tWV8/OrTTtF1gZi+f8FqlyAdouralcFWFQWF2+NgCHShjkCb+IFBLq9buZwE1xckQU4peSuQ==
  /chalk/4.1.0:
    dependencies:
      ansi-styles: 4.3.0
      supports-color: 7.2.0
    dev: false
    engines:
      node: '>=10'
    resolution:
      integrity: sha512-qwx12AxXe2Q5xQ43Ac//I6v5aXTipYrSESdOgzrN+9XjgEpyjpKuvSGaN4qE93f7TQTlerQQ8S+EQ0EyDoVL1A==
  /color-convert/1.9.3:
    dependencies:
      color-name: 1.1.3
    dev: true
    resolution:
      integrity: sha512-QfAUtd+vFdAtFQcC8CCyYt1fYWxSqAiK2cSD6zDB8N3cpsEBAvRxp9zOGg6G/SHHJYAT88/az/IuDGALsNVbGg==
  /color-convert/2.0.1:
    dependencies:
      color-name: 1.1.4
    dev: false
    engines:
      node: '>=7.0.0'
    resolution:
      integrity: sha512-RRECPsj7iu/xb5oKYcsFHSppFNnsj/52OVTRKb4zP5onXwVF3zVmmToNcOfGC+CRDpfK/U584fMg38ZHCaElKQ==
  /color-name/1.1.3:
    dev: true
    resolution:
      integrity: sha1-p9BVi9icQveV3UIyj3QIMcpTvCU=
  /color-name/1.1.4:
    dev: false
    resolution:
      integrity: sha512-dOy+3AuW3a2wNbZHIuMZpTcgjGuLU/uBL/ubcZF9OXbDo8ff4O8yVp5Bf0efS8uEoYo5q4Fx7dY9OgQGXgAsQA==
  /commander/2.20.3:
    dev: true
    resolution:
      integrity: sha512-GpVkmM8vF2vQUkj2LvZmD35JxeJOLCwJ9cUkugyk2nuhbv3+mJvpLYYt+0+USMxE+oj+ey/lJEnhZw75x/OMcQ==
  /concat-map/0.0.1:
    dev: true
    resolution:
      integrity: sha1-2Klr13/Wjfd5OnMDajug1UBdR3s=
  /deep-equal/2.0.4:
    dependencies:
      es-abstract: 1.18.0-next.1
      es-get-iterator: 1.1.0
      is-arguments: 1.0.4
      is-date-object: 1.0.2
      is-regex: 1.1.1
      isarray: 2.0.5
      object-is: 1.1.3
      object-keys: 1.1.1
      object.assign: 4.1.1
      regexp.prototype.flags: 1.3.0
      side-channel: 1.0.3
      which-boxed-primitive: 1.0.1
      which-collection: 1.0.1
      which-typed-array: 1.1.2
    dev: true
    resolution:
      integrity: sha512-BUfaXrVoCfgkOQY/b09QdO9L3XNoF2XH0A3aY9IQwQL/ZjLOe8FQgCNVl1wiolhsFo8kFdO9zdPViCPbmaJA5w==
  /define-properties/1.1.3:
    dependencies:
      object-keys: 1.1.1
    dev: true
    engines:
      node: '>= 0.4'
    resolution:
      integrity: sha512-3MqfYKj2lLzdMSf8ZIZE/V+Zuy+BgD6f164e8K2w7dgnpKArBDerGYpM46IYYcjnkdPNMjPk9A6VFB8+3SKlXQ==
  /defined/1.0.0:
    dev: true
    resolution:
      integrity: sha1-yY2bzvdWdBiOEQlpFRGZ45sfppM=
  /diff/4.0.2:
    dev: true
    engines:
      node: '>=0.3.1'
    resolution:
      integrity: sha512-58lmxKSA4BNyLz+HHMUzlOEpg09FV+ev6ZMe3vJihgdxzgcwZ8VoEEPmALCZG9LmqfVoNMMKpttIYTVG6uDY7A==
  /doctrine/0.7.2:
    dependencies:
      esutils: 1.1.6
      isarray: 0.0.1
    dev: true
    engines:
      node: '>=0.10.0'
    resolution:
      integrity: sha1-fLhgNZujvpDgQLJrcpzkv6ZUxSM=
  /dotignore/0.1.2:
    dependencies:
      minimatch: 3.0.4
    dev: true
    hasBin: true
    resolution:
      integrity: sha512-UGGGWfSauusaVJC+8fgV+NVvBXkCTmVv7sk6nojDZZvuOUNGUy0Zk4UpHQD6EDjS0jpBwcACvH4eofvyzBcRDw==
  /es-abstract/1.17.7:
    dependencies:
      es-to-primitive: 1.2.1
      function-bind: 1.1.1
      has: 1.0.3
      has-symbols: 1.0.1
      is-callable: 1.2.2
      is-regex: 1.1.1
      object-inspect: 1.8.0
      object-keys: 1.1.1
      object.assign: 4.1.1
      string.prototype.trimend: 1.0.2
      string.prototype.trimstart: 1.0.2
    dev: true
    engines:
      node: '>= 0.4'
    resolution:
      integrity: sha512-VBl/gnfcJ7OercKA9MVaegWsBHFjV492syMudcnQZvt/Dw8ezpcOHYZXa/J96O8vx+g4x65YKhxOwDUh63aS5g==
  /es-abstract/1.18.0-next.1:
    dependencies:
      es-to-primitive: 1.2.1
      function-bind: 1.1.1
      has: 1.0.3
      has-symbols: 1.0.1
      is-callable: 1.2.2
      is-negative-zero: 2.0.0
      is-regex: 1.1.1
      object-inspect: 1.8.0
      object-keys: 1.1.1
      object.assign: 4.1.1
      string.prototype.trimend: 1.0.2
      string.prototype.trimstart: 1.0.2
    dev: true
    engines:
      node: '>= 0.4'
    resolution:
      integrity: sha512-I4UGspA0wpZXWENrdA0uHbnhte683t3qT/1VFH9aX2dA5PPSf6QW5HHXf5HImaqPmjXaVeVk4RGWnaylmV7uAA==
  /es-get-iterator/1.1.0:
    dependencies:
      es-abstract: 1.17.7
      has-symbols: 1.0.1
      is-arguments: 1.0.4
      is-map: 2.0.1
      is-set: 2.0.1
      is-string: 1.0.5
      isarray: 2.0.5
    dev: true
    resolution:
      integrity: sha512-UfrmHuWQlNMTs35e1ypnvikg6jCz3SK8v8ImvmDsh36fCVUR1MqoFDiyn0/k52C8NqO3YsO8Oe0azeesNuqSsQ==
  /es-to-primitive/1.2.1:
    dependencies:
      is-callable: 1.2.2
      is-date-object: 1.0.2
      is-symbol: 1.0.3
    dev: true
    engines:
      node: '>= 0.4'
    resolution:
      integrity: sha512-QCOllgZJtaUo9miYBcLChTUaHNjJF3PYs1VidD7AwiEj1kYxKeQTctLAezAOH5ZKRH0g2IgPn6KwB4IT8iRpvA==
  /escape-string-regexp/1.0.5:
    dev: true
    engines:
      node: '>=0.8.0'
    resolution:
      integrity: sha1-G2HAViGQqN/2rjuyzwIAyhMLhtQ=
  /esprima/4.0.1:
    dev: true
    engines:
      node: '>=4'
    hasBin: true
    resolution:
      integrity: sha512-eGuFFw7Upda+g4p+QHvnW0RyTX/SVeJBDM/gCtMARO0cLuT2HcEKnTPvhjV6aGeqrCB/sbNop0Kszm0jsaWU4A==
  /esutils/1.1.6:
    dev: true
    engines:
      node: '>=0.10.0'
    resolution:
      integrity: sha1-wBzKqa5LiXxtDD4hCuUvPHqEQ3U=
  /for-each/0.3.3:
    dependencies:
      is-callable: 1.2.2
    dev: true
    resolution:
      integrity: sha512-jqYfLp7mo9vIyQf8ykW2v7A+2N4QjeCeI5+Dz9XraiO1ign81wjiH7Fb9vSOWvQfNtmSa4H2RoQTrrXivdUZmw==
  /foreach/2.0.5:
    dev: true
    resolution:
      integrity: sha1-C+4AUBiusmDQo6865ljdATbsG5k=
  /fs.realpath/1.0.0:
    dev: true
    resolution:
      integrity: sha1-FQStJSMVjKpA20onh8sBQRmU6k8=
  /function-bind/1.1.1:
    dev: true
    resolution:
      integrity: sha512-yIovAzMX49sF8Yl58fSCWJ5svSLuaibPxXQJFLmBObTuCr0Mf1KiPopGM9NiFjiYBCbfaa2Fh6breQ6ANVTI0A==
  /glob/7.1.6:
    dependencies:
      fs.realpath: 1.0.0
      inflight: 1.0.6
      inherits: 2.0.4
      minimatch: 3.0.4
      once: 1.4.0
      path-is-absolute: 1.0.1
    dev: true
    resolution:
      integrity: sha512-LwaxwyZ72Lk7vZINtNNrywX0ZuLyStrdDtabefZKAY5ZGJhVtgdznluResxNmPitE0SAO+O26sWTHeKSI2wMBA==
  /has-flag/3.0.0:
    dev: true
    engines:
      node: '>=4'
    resolution:
      integrity: sha1-tdRU3CGZriJWmfNGfloH87lVuv0=
  /has-flag/4.0.0:
    dev: false
    engines:
      node: '>=8'
    resolution:
      integrity: sha512-EykJT/Q1KjTWctppgIAgfSO0tKVuZUjhgMr17kqTumMl6Afv3EISleU7qZUzoXDFTAHTDC4NOoG/ZxU3EvlMPQ==
  /has-symbols/1.0.1:
    dev: true
    engines:
      node: '>= 0.4'
    resolution:
      integrity: sha512-PLcsoqu++dmEIZB+6totNFKq/7Do+Z0u4oT0zKOJNl3lYK6vGwwu2hjHs+68OEZbTjiUE9bgOABXbP/GvrS0Kg==
  /has/1.0.3:
    dependencies:
      function-bind: 1.1.1
    dev: true
    engines:
      node: '>= 0.4.0'
    resolution:
      integrity: sha512-f2dvO0VU6Oej7RkWJGrehjbzMAjFp5/VKPp5tTpWIV4JHHZK1/BxbFRtf/siA2SWTe09caDmVtYYzWEIbBS4zw==
  /inflight/1.0.6:
    dependencies:
      once: 1.4.0
      wrappy: 1.0.2
    dev: true
    resolution:
      integrity: sha1-Sb1jMdfQLQwJvJEKEHW6gWW1bfk=
  /inherits/2.0.4:
    dev: true
    resolution:
      integrity: sha512-k/vGaX4/Yla3WzyMCvTQOXYeIHvqOKtnqBduzTHpzpQZzAskKMhZ2K+EnBiSM9zGSoIFeMpXKxa4dYeZIQqewQ==
  /is-arguments/1.0.4:
    dev: true
    engines:
      node: '>= 0.4'
    resolution:
      integrity: sha512-xPh0Rmt8NE65sNzvyUmWgI1tz3mKq74lGA0mL8LYZcoIzKOzDh6HmrYm3d18k60nHerC8A9Km8kYu87zfSFnLA==
  /is-bigint/1.0.0:
    dev: true
    resolution:
      integrity: sha512-t5mGUXC/xRheCK431ylNiSkGGpBp8bHENBcENTkDT6ppwPzEVxNGZRvgvmOEfbWkFhA7D2GEuE2mmQTr78sl2g==
  /is-boolean-object/1.0.1:
    dev: true
    engines:
      node: '>= 0.4'
    resolution:
      integrity: sha512-TqZuVwa/sppcrhUCAYkGBk7w0yxfQQnxq28fjkO53tnK9FQXmdwz2JS5+GjsWQ6RByES1K40nI+yDic5c9/aAQ==
  /is-callable/1.2.2:
    dev: true
    engines:
      node: '>= 0.4'
    resolution:
      integrity: sha512-dnMqspv5nU3LoewK2N/y7KLtxtakvTuaCsU9FU50/QDmdbHNy/4/JuRtMHqRU22o3q+W89YQndQEeCVwK+3qrA==
  /is-core-module/2.0.0:
    dependencies:
      has: 1.0.3
    dev: true
    resolution:
      integrity: sha512-jq1AH6C8MuteOoBPwkxHafmByhL9j5q4OaPGdbuD+ZtQJVzH+i6E3BJDQcBA09k57i2Hh2yQbEG8yObZ0jdlWw==
  /is-date-object/1.0.2:
    dev: true
    engines:
      node: '>= 0.4'
    resolution:
      integrity: sha512-USlDT524woQ08aoZFzh3/Z6ch9Y/EWXEHQ/AaRN0SkKq4t2Jw2R2339tSXmwuVoY7LLlBCbOIlx2myP/L5zk0g==
  /is-map/2.0.1:
    dev: true
    resolution:
      integrity: sha512-T/S49scO8plUiAOA2DBTBG3JHpn1yiw0kRp6dgiZ0v2/6twi5eiB0rHtHFH9ZIrvlWc6+4O+m4zg5+Z833aXgw==
  /is-negative-zero/2.0.0:
    dev: true
    engines:
      node: '>= 0.4'
    resolution:
      integrity: sha1-lVOxIbD6wohp2p7UWeIMdUN4hGE=
  /is-number-object/1.0.4:
    dev: true
    engines:
      node: '>= 0.4'
    resolution:
      integrity: sha512-zohwelOAur+5uXtk8O3GPQ1eAcu4ZX3UwxQhUlfFFMNpUd83gXgjbhJh6HmB6LUNV/ieOLQuDwJO3dWJosUeMw==
  /is-regex/1.1.1:
    dependencies:
      has-symbols: 1.0.1
    dev: true
    engines:
      node: '>= 0.4'
    resolution:
      integrity: sha512-1+QkEcxiLlB7VEyFtyBg94e08OAsvq7FUBgApTq/w2ymCLyKJgDPsybBENVtA7XCQEgEXxKPonG+mvYRxh/LIg==
  /is-set/2.0.1:
    dev: true
    resolution:
      integrity: sha512-eJEzOtVyenDs1TMzSQ3kU3K+E0GUS9sno+F0OBT97xsgcJsF9nXMBtkT9/kut5JEpM7oL7X/0qxR17K3mcwIAA==
  /is-string/1.0.5:
    dev: true
    engines:
      node: '>= 0.4'
    resolution:
      integrity: sha512-buY6VNRjhQMiF1qWDouloZlQbRhDPCebwxSjxMjxgemYT46YMd2NR0/H+fBhEfWX4A/w9TBJ+ol+okqJKFE6vQ==
  /is-symbol/1.0.3:
    dependencies:
      has-symbols: 1.0.1
    dev: true
    engines:
      node: '>= 0.4'
    resolution:
      integrity: sha512-OwijhaRSgqvhm/0ZdAcXNZt9lYdKFpcRDT5ULUuYXPoT794UNOdU+gpT6Rzo7b4V2HUl/op6GqY894AZwv9faQ==
  /is-typed-array/1.1.3:
    dependencies:
      available-typed-arrays: 1.0.2
      es-abstract: 1.17.7
      foreach: 2.0.5
      has-symbols: 1.0.1
    dev: true
    engines:
      node: '>= 0.4'
    resolution:
      integrity: sha512-BSYUBOK/HJibQ30wWkWold5txYwMUXQct9YHAQJr8fSwvZoiglcqB0pd7vEN23+Tsi9IUEjztdOSzl4qLVYGTQ==
  /is-weakmap/2.0.1:
    dev: true
    resolution:
      integrity: sha512-NSBR4kH5oVj1Uwvv970ruUkCV7O1mzgVFO4/rev2cLRda9Tm9HrL70ZPut4rOHgY0FNrUu9BCbXA2sdQ+x0chA==
  /is-weakset/2.0.1:
    dev: true
    resolution:
      integrity: sha512-pi4vhbhVHGLxohUw7PhGsueT4vRGFoXhP7+RGN0jKIv9+8PWYCQTqtADngrxOm2g46hoH0+g8uZZBzMrvVGDmw==
  /isarray/0.0.1:
    dev: true
    resolution:
      integrity: sha1-ihis/Kmo9Bd+Cav8YDiTmwXR7t8=
  /isarray/2.0.5:
    dev: true
    resolution:
      integrity: sha512-xHjhDr3cNBK0BzdUJSPXZntQUx/mwMS5Rw4A7lPJ90XGAO6ISP/ePDNuo0vhqOZU+UD5JoodwCAAoZQd3FeAKw==
  /js-tokens/4.0.0:
    dev: true
    resolution:
      integrity: sha512-RdJUflcE3cUzKiMqQgsCu06FPu9UdIJO0beYbPhHN4k6apgJtifcoCtT9bcxOpYBtpD2kCM6Sbzg4CausW/PKQ==
  /js-yaml/3.14.0:
    dependencies:
      argparse: 1.0.10
      esprima: 4.0.1
    dev: true
    hasBin: true
    resolution:
      integrity: sha512-/4IbIeHcD9VMHFqDR/gQ7EdZdLimOvW2DdcxFjdyyZ9NsbS+ccrXqVWDtab/lRl5AlUqmpBx8EhPaWR+OtY17A==
  /make-error/1.3.6:
    dev: true
    resolution:
      integrity: sha512-s8UhlNe7vPKomQhC1qFelMokr/Sc3AgNbso3n74mVPA5LTZwkB9NlXf4XPamLxJE8h0gh73rM94xvwRT2CVInw==
  /minimatch/3.0.4:
    dependencies:
      brace-expansion: 1.1.11
    dev: true
    resolution:
      integrity: sha512-yJHVQEhyqPLUTgt9B83PXu6W3rx4MvvHvSUvToogpwoGDOUQ+yDrR0HRot+yOCdCO7u4hX3pWft6kWBBcqh0UA==
  /minimist/1.2.5:
    dev: true
    resolution:
      integrity: sha512-FM9nNUYrRBAELZQT3xeZQ7fmMOBg6nWNmJKTcgsJeaLstP/UODVpGsr5OhXhhXg6f+qtJ8uiZ+PUxkDWcgIXLw==
  /mkdirp/0.5.5:
    dependencies:
      minimist: 1.2.5
    dev: true
    hasBin: true
    resolution:
      integrity: sha512-NKmAlESf6jMGym1++R0Ra7wvhV+wFW63FaSOFPwRahvea0gMUcGUhVeAg/0BC0wiv9ih5NYPB1Wn1UEI1/L+xQ==
  /object-inspect/1.8.0:
    dev: true
    resolution:
      integrity: sha512-jLdtEOB112fORuypAyl/50VRVIBIdVQOSUUGQHzJ4xBSbit81zRarz7GThkEFZy1RceYrWYcPcBFPQwHyAc1gA==
  /object-is/1.1.3:
    dependencies:
      define-properties: 1.1.3
      es-abstract: 1.18.0-next.1
    dev: true
    engines:
      node: '>= 0.4'
    resolution:
      integrity: sha512-teyqLvFWzLkq5B9ki8FVWA902UER2qkxmdA4nLf+wjOLAWgxzCWZNCxpDq9MvE8MmhWNr+I8w3BN49Vx36Y6Xg==
  /object-keys/1.1.1:
    dev: true
    engines:
      node: '>= 0.4'
    resolution:
      integrity: sha512-NuAESUOUMrlIXOfHKzD6bpPu3tYt3xvjNdRIQ+FeT0lNb4K8WR70CaDxhuNguS2XG+GjkyMwOzsN5ZktImfhLA==
  /object.assign/4.1.1:
    dependencies:
      define-properties: 1.1.3
      es-abstract: 1.18.0-next.1
      has-symbols: 1.0.1
      object-keys: 1.1.1
    dev: true
    engines:
      node: '>= 0.4'
    resolution:
      integrity: sha512-VT/cxmx5yaoHSOTSyrCygIDFco+RsibY2NM0a4RdEeY/4KgqezwFtK1yr3U67xYhqJSlASm2pKhLVzPj2lr4bA==
  /once/1.4.0:
    dependencies:
      wrappy: 1.0.2
    dev: true
    resolution:
      integrity: sha1-WDsap3WWHUsROsF9nFC6753Xa9E=
  /path-is-absolute/1.0.1:
    dev: true
    engines:
      node: '>=0.10.0'
    resolution:
      integrity: sha1-F0uSaHNVNP+8es5r9TpanhtcX18=
  /path-parse/1.0.6:
    dev: true
    resolution:
      integrity: sha512-GSmOT2EbHrINBf9SR7CDELwlJ8AENk3Qn7OikK4nFYAu3Ote2+JYNVvkpAEQm3/TLNEJFD/xZJjzyxg3KBWOzw==
  /regexp.prototype.flags/1.3.0:
    dependencies:
      define-properties: 1.1.3
      es-abstract: 1.17.7
    dev: true
    engines:
      node: '>= 0.4'
    resolution:
      integrity: sha512-2+Q0C5g951OlYlJz6yu5/M33IcsESLlLfsyIaLJaG4FA2r4yP8MvVMJUUP/fVBkSpbbbZlS5gynbEWLipiiXiQ==
  /resolve/1.18.1:
    dependencies:
      is-core-module: 2.0.0
      path-parse: 1.0.6
    dev: true
    resolution:
      integrity: sha512-lDfCPaMKfOJXjy0dPayzPdF1phampNWr3qFCjAu+rw/qbQmr5jWH5xN2hwh9QKfw9E5v4hwV7A+jrCmL8yjjqA==
  /resumer/0.0.0:
    dependencies:
      through: 2.3.8
    dev: true
    resolution:
      integrity: sha1-8ej0YeQGS6Oegq883CqMiT0HZ1k=
  /rimraf/3.0.2:
    dependencies:
      glob: 7.1.6
    dev: true
    hasBin: true
    resolution:
      integrity: sha512-JZkJMZkAGFFPP2YqXZXPbMlMBgsxzE8ILs4lMIX/2o0L9UBw9O/Y3o6wFw/i9YLapcUJWwqbi3kdxIPdC62TIA==
  /semver/5.7.1:
    dev: true
    hasBin: true
    resolution:
      integrity: sha512-sauaDf/PZdVgrLTNYHRtpXa1iRiKcaebiKQ1BJdpQlWH2lCvexQdX55snPFyK7QzpudqbCI0qXFfOasHdyNDGQ==
  /side-channel/1.0.3:
    dependencies:
      es-abstract: 1.18.0-next.1
      object-inspect: 1.8.0
    dev: true
    resolution:
      integrity: sha512-A6+ByhlLkksFoUepsGxfj5x1gTSrs+OydsRptUxeNCabQpCFUvcwIczgOigI8vhY/OJCnPnyE9rGiwgvr9cS1g==
  /source-map-support/0.5.19:
    dependencies:
      buffer-from: 1.1.1
      source-map: 0.6.1
    dev: true
    resolution:
      integrity: sha512-Wonm7zOCIJzBGQdB+thsPar0kYuCIzYvxZwlBa87yi/Mdjv7Tip2cyVbLj5o0cFPN4EVkuTwb3GDDyUx2DGnGw==
  /source-map/0.6.1:
    dev: true
    engines:
      node: '>=0.10.0'
    resolution:
      integrity: sha512-UjgapumWlbMhkBgzT7Ykc5YXUT46F0iKu8SGXq0bcwP5dz/h0Plj6enJqjz1Zbq2l5WaqYnrVbwWOWMyF3F47g==
  /sprintf-js/1.0.3:
    dev: true
    resolution:
      integrity: sha1-BOaSb2YolTVPPdAVIDYzuFcpfiw=
  /string.prototype.trim/1.2.2:
    dependencies:
      define-properties: 1.1.3
      es-abstract: 1.18.0-next.1
    dev: true
    engines:
      node: '>= 0.4'
    resolution:
      integrity: sha512-b5yrbl3BXIjHau9Prk7U0RRYcUYdN4wGSVaqoBQS50CCE3KBuYU0TYRNPFCP7aVoNMX87HKThdMRVIP3giclKg==
  /string.prototype.trimend/1.0.2:
    dependencies:
      define-properties: 1.1.3
      es-abstract: 1.18.0-next.1
    dev: true
    resolution:
      integrity: sha512-8oAG/hi14Z4nOVP0z6mdiVZ/wqjDtWSLygMigTzAb+7aPEDTleeFf+WrF+alzecxIRkckkJVn+dTlwzJXORATw==
  /string.prototype.trimstart/1.0.2:
    dependencies:
      define-properties: 1.1.3
      es-abstract: 1.18.0-next.1
    dev: true
    resolution:
      integrity: sha512-7F6CdBTl5zyu30BJFdzSTlSlLPwODC23Od+iLoVH8X6+3fvDPPuBVVj9iaB1GOsSTSIgVfsfm27R2FGrAPznWg==
  /supports-color/5.5.0:
    dependencies:
      has-flag: 3.0.0
    dev: true
    engines:
      node: '>=4'
    resolution:
      integrity: sha512-QjVjwdXIt408MIiAqCX4oUKsgU2EqAGzs2Ppkm4aQYbjm+ZEWEcW4SfFNTr4uMNZma0ey4f5lgLrkB0aX0QMow==
  /supports-color/7.2.0:
    dependencies:
      has-flag: 4.0.0
    dev: false
    engines:
      node: '>=8'
    resolution:
      integrity: sha512-qpCAvRl9stuOHveKsn7HncJRvv501qIacKzQlO/+Lwxc9+0q2wLyv4Dfvt80/DPn2pqOBsJdDiogXGR9+OvwRw==
  /tape/5.0.1:
    dependencies:
      deep-equal: 2.0.4
      defined: 1.0.0
      dotignore: 0.1.2
      for-each: 0.3.3
      function-bind: 1.1.1
      glob: 7.1.6
      has: 1.0.3
      inherits: 2.0.4
      is-regex: 1.1.1
      minimist: 1.2.5
      object-inspect: 1.8.0
      object-is: 1.1.3
      object.assign: 4.1.1
      resolve: 1.18.1
      resumer: 0.0.0
      string.prototype.trim: 1.2.2
      through: 2.3.8
    dev: true
    hasBin: true
    resolution:
      integrity: sha512-wVsOl2shKPcjdJdc8a+PwacvrOdJZJ57cLUXlxW4TQ2R6aihXwG0m0bKm4mA4wjtQNTaLMCrYNEb4f9fjHKUYQ==
  /through/2.3.8:
    dev: true
    resolution:
      integrity: sha1-DdTJ/6q8NXlgsbckEV1+Doai4fU=
  /ts-node/9.0.0_typescript@4.0.3:
    dependencies:
      arg: 4.1.3
      diff: 4.0.2
      make-error: 1.3.6
      source-map-support: 0.5.19
      typescript: 4.0.3
      yn: 3.1.1
    dev: true
    engines:
      node: '>=10.0.0'
    hasBin: true
    peerDependencies:
      typescript: '>=2.7'
    resolution:
      integrity: sha512-/TqB4SnererCDR/vb4S/QvSZvzQMJN8daAslg7MeaiHvD8rDZsSfXmNeNumyZZzMned72Xoq/isQljYSt8Ynfg==
  /tslib/1.14.1:
    dev: true
    resolution:
      integrity: sha512-Xni35NKzjgMrwevysHTCArtLDpPvye8zV/0E4EyYn43P7/7qvQwPh9BGkHewbMulVntbigmcT7rdX3BNo9wRJg==
  /tslib/1.9.0:
    dev: true
    resolution:
      integrity: sha512-f/qGG2tUkrISBlQZEjEqoZ3B2+npJjIf04H1wuAv9iA8i04Icp+61KRXxFdha22670NJopsZCIjhC3SnjPRKrQ==
  /tslint-config-standard/8.0.1_tslint@6.1.3+typescript@4.0.3:
    dependencies:
      tslint-eslint-rules: 5.4.0_tslint@6.1.3+typescript@4.0.3
    dev: true
    peerDependencies:
      tslint: '*'
      typescript: '*'
    resolution:
      integrity: sha512-OWG+NblgjQlVuUS/Dmq3ax2v5QDZwRx4L0kEuDi7qFY9UI6RJhhNfoCV1qI4el8Fw1c5a5BTrjQJP0/jhGXY/Q==
  /tslint-eslint-rules/5.4.0_tslint@6.1.3+typescript@4.0.3:
    dependencies:
      doctrine: 0.7.2
      tslib: 1.9.0
      tslint: 6.1.3_typescript@4.0.3
      tsutils: 3.17.1_typescript@4.0.3
      typescript: 4.0.3
    dev: true
    peerDependencies:
      tslint: ^5.0.0
      typescript: ^2.2.0 || ^3.0.0
    resolution:
      integrity: sha512-WlSXE+J2vY/VPgIcqQuijMQiel+UtmXS+4nvK4ZzlDiqBfXse8FAvkNnTcYhnQyOTW5KFM+uRRGXxYhFpuBc6w==
  /tslint/6.1.3_typescript@4.0.3:
    dependencies:
      '@babel/code-frame': 7.10.4
      builtin-modules: 1.1.1
      chalk: 2.4.2
      commander: 2.20.3
      diff: 4.0.2
      glob: 7.1.6
      js-yaml: 3.14.0
      minimatch: 3.0.4
      mkdirp: 0.5.5
      resolve: 1.18.1
      semver: 5.7.1
      tslib: 1.14.1
      tsutils: 2.29.0_typescript@4.0.3
      typescript: 4.0.3
    deprecated: 'TSLint has been deprecated in favor of ESLint. Please see https://github.com/palantir/tslint/issues/4534 for more information.'
    dev: true
    engines:
      node: '>=4.8.0'
    hasBin: true
    peerDependencies:
      typescript: '>=2.3.0-dev || >=2.4.0-dev || >=2.5.0-dev || >=2.6.0-dev || >=2.7.0-dev || >=2.8.0-dev || >=2.9.0-dev || >=3.0.0-dev || >= 3.1.0-dev || >= 3.2.0-dev || >= 4.0.0-dev'
    resolution:
      integrity: sha512-IbR4nkT96EQOvKE2PW/djGz8iGNeJ4rF2mBfiYaR/nvUWYKJhLwimoJKgjIFEIDibBtOevj7BqCRL4oHeWWUCg==
  /tsutils/2.29.0_typescript@4.0.3:
    dependencies:
      tslib: 1.14.1
      typescript: 4.0.3
    dev: true
    peerDependencies:
      typescript: '>=2.1.0 || >=2.1.0-dev || >=2.2.0-dev || >=2.3.0-dev || >=2.4.0-dev || >=2.5.0-dev || >=2.6.0-dev || >=2.7.0-dev || >=2.8.0-dev || >=2.9.0-dev || >= 3.0.0-dev || >= 3.1.0-dev'
    resolution:
      integrity: sha512-g5JVHCIJwzfISaXpXE1qvNalca5Jwob6FjI4AoPlqMusJ6ftFE7IkkFoMhVLRgK+4Kx3gkzb8UZK5t5yTTvEmA==
  /tsutils/3.17.1_typescript@4.0.3:
    dependencies:
      tslib: 1.9.0
      typescript: 4.0.3
    dev: true
    engines:
      node: '>= 6'
    peerDependencies:
      typescript: '>=2.8.0 || >= 3.2.0-dev || >= 3.3.0-dev || >= 3.4.0-dev || >= 3.5.0-dev || >= 3.6.0-dev || >= 3.6.0-beta || >= 3.7.0-dev || >= 3.7.0-beta'
    resolution:
      integrity: sha512-kzeQ5B8H3w60nFY2g8cJIuH7JDpsALXySGtwGJ0p2LSjLgay3NdIpqq5SoOBe46bKDW2iq25irHCr8wjomUS2g==
  /typescript/4.0.3:
    dev: true
    engines:
      node: '>=4.2.0'
    hasBin: true
    resolution:
      integrity: sha512-tEu6DGxGgRJPb/mVPIZ48e69xCn2yRmCgYmDugAVwmJ6o+0u1RI18eO7E7WBTLYLaEVVOhwQmcdhQHweux/WPg==
  /which-boxed-primitive/1.0.1:
    dependencies:
      is-bigint: 1.0.0
      is-boolean-object: 1.0.1
      is-number-object: 1.0.4
      is-string: 1.0.5
      is-symbol: 1.0.3
    dev: true
    resolution:
      integrity: sha512-7BT4TwISdDGBgaemWU0N0OU7FeAEJ9Oo2P1PHRm/FCWoEi2VLWC9b6xvxAA3C/NMpxg3HXVgi0sMmGbNUbNepQ==
  /which-collection/1.0.1:
    dependencies:
      is-map: 2.0.1
      is-set: 2.0.1
      is-weakmap: 2.0.1
      is-weakset: 2.0.1
    dev: true
    resolution:
      integrity: sha512-W8xeTUwaln8i3K/cY1nGXzdnVZlidBcagyNFtBdD5kxnb4TvGKR7FfSIS3mYpwWS1QUCutfKz8IY8RjftB0+1A==
  /which-typed-array/1.1.2:
    dependencies:
      available-typed-arrays: 1.0.2
      es-abstract: 1.17.7
      foreach: 2.0.5
      function-bind: 1.1.1
      has-symbols: 1.0.1
      is-typed-array: 1.1.3
    dev: true
    engines:
      node: '>= 0.4'
    resolution:
      integrity: sha512-KT6okrd1tE6JdZAy3o2VhMoYPh3+J6EMZLyrxBQsZflI1QCZIxMrIYLkosd8Twf+YfknVIHmYQPgJt238p8dnQ==
  /wrappy/1.0.2:
    dev: true
    resolution:
      integrity: sha1-tSQ9jz7BqjXxNkYFvA0QNuMKtp8=
  /yn/3.1.1:
    dev: true
    engines:
      node: '>=6'
    resolution:
      integrity: sha512-Ux4ygGWsu2c7isFWe8Yu1YluJmqVhxqK2cLXNQA5AcC3QfbGNpM7fu0Y8b/z16pXLnFxZYvWhd3fhBY9DLmC6Q==
specifiers:
  '@pnpm/tsconfig': ^1.0.0
  '@pnpm/tslint-config': ^1.0.0
  '@types/node': ^14.14.2
  '@types/tape': ^4.13.0
  chalk: ^4.1.0
  rimraf: ^3.0.2
  tape: ^5.0.1
  ts-node: ^9.0.0
  tslint: ^6.1.3
  typescript: ^4.0.3
